<?xml version="1.0" encoding="utf-8"?>
<Project ToolsVersion="18.0" xmlns="http://schemas.microsoft.com/developer/msbuild/2003">
  <ItemGroup>
    <CustomBuild Include="D:\Tool_xep_lich_hoc\build-msvc\CMakeFiles\a20e29fdef6fbe0046d14fb1572444c5\generate.stamp.rule">
      <Filter>CMake Rules</Filter>
    </CustomBuild>
  </ItemGroup>
  <ItemGroup>
    <Filter Include="CMake Rules">
      <UniqueIdentifier>{F3026617-C689-3640-8D55-B09B111EFC81}</UniqueIdentifier>
    </Filter>
  </ItemGroup>
</Project>
